// !$*UTF8*$!
{
	archiveVersion = 1;
	classes = {
	};
	objectVersion = 46;
	objects = {

/* Begin PBXBuildFile section */
		37D121831AF99C7D00F34BA0 /* Foundation.framework in Frameworks */ = {isa = PBXBuildFile; fileRef = 37D121821AF99C7D00F34BA0 /* Foundation.framework */; };
		37D121851AF99C7D00F34BA0 /* CoreGraphics.framework in Frameworks */ = {isa = PBXBuildFile; fileRef = 37D121841AF99C7D00F34BA0 /* CoreGraphics.framework */; };
		37D121871AF99C7D00F34BA0 /* UIKit.framework in Frameworks */ = {isa = PBXBuildFile; fileRef = 37D121861AF99C7D00F34BA0 /* UIKit.framework */; };
		37D1218D1AF99C7D00F34BA0 /* InfoPlist.strings in Resources */ = {isa = PBXBuildFile; fileRef = 37D1218B1AF99C7D00F34BA0 /* InfoPlist.strings */; };
		37D1218F1AF99C7D00F34BA0 /* main.m in Sources */ = {isa = PBXBuildFile; fileRef = 37D1218E1AF99C7D00F34BA0 /* main.m */; };
		37D121931AF99C7D00F34BA0 /* AppDelegate.m in Sources */ = {isa = PBXBuildFile; fileRef = 37D121921AF99C7D00F34BA0 /* AppDelegate.m */; };
		37D121961AF99C7D00F34BA0 /* Main.storyboard in Resources */ = {isa = PBXBuildFile; fileRef = 37D121941AF99C7D00F34BA0 /* Main.storyboard */; };
		37D1219B1AF99C7D00F34BA0 /* Images.xcassets in Resources */ = {isa = PBXBuildFile; fileRef = 37D1219A1AF99C7D00F34BA0 /* Images.xcassets */; };
		37D121A21AF99C7D00F34BA0 /* XCTest.framework in Frameworks */ = {isa = PBXBuildFile; fileRef = 37D121A11AF99C7D00F34BA0 /* XCTest.framework */; };
		37D121A31AF99C7D00F34BA0 /* Foundation.framework in Frameworks */ = {isa = PBXBuildFile; fileRef = 37D121821AF99C7D00F34BA0 /* Foundation.framework */; };
		37D121A41AF99C7D00F34BA0 /* UIKit.framework in Frameworks */ = {isa = PBXBuildFile; fileRef = 37D121861AF99C7D00F34BA0 /* UIKit.framework */; };
		37D121AC1AF99C7D00F34BA0 /* InfoPlist.strings in Resources */ = {isa = PBXBuildFile; fileRef = 37D121AA1AF99C7D00F34BA0 /* InfoPlist.strings */; };
		37D121AE1AF99C7D00F34BA0 /* FishingMasterTests.m in Sources */ = {isa = PBXBuildFile; fileRef = 37D121AD1AF99C7D00F34BA0 /* FishingMasterTests.m */; };
		37D121BD1AF99CC000F34BA0 /* GameVC.m in Sources */ = {isa = PBXBuildFile; fileRef = 37D121BB1AF99CC000F34BA0 /* GameVC.m */; };
		37D121BE1AF99CC000F34BA0 /* GameVC.xib in Resources */ = {isa = PBXBuildFile; fileRef = 37D121BC1AF99CC000F34BA0 /* GameVC.xib */; };
/* End PBXBuildFile section */

/* Begin PBXContainerItemProxy section */
		37D121A51AF99C7D00F34BA0 /* PBXContainerItemProxy */ = {
			isa = PBXContainerItemProxy;
			containerPortal = 37D121771AF99C7C00F34BA0 /* Project object */;
			proxyType = 1;
			remoteGlobalIDString = 37D1217E1AF99C7D00F34BA0;
			remoteInfo = FishingMaster;
		};
/* End PBXContainerItemProxy section */

/* Begin PBXFileReference section */
		37D1217F1AF99C7D00F34BA0 /* FishingMaster.app */ = {isa = PBXFileReference; explicitFileType = wrapper.application; includeInIndex = 0; path = FishingMaster.app; sourceTree = BUILT_PRODUCTS_DIR; };
		37D121821AF99C7D00F34BA0 /* Foundation.framework */ = {isa = PBXFileReference; lastKnownFileType = wrapper.framework; name = Foundation.framework; path = System/Library/Frameworks/Foundation.framework; sourceTree = SDKROOT; };
		37D121841AF99C7D00F34BA0 /* CoreGraphics.framework */ = {isa = PBXFileReference; lastKnownFileType = wrapper.framework; name = CoreGraphics.framework; path = System/Library/Frameworks/CoreGraphics.framework; sourceTree = SDKROOT; };
		37D121861AF99C7D00F34BA0 /* UIKit.framework */ = {isa = PBXFileReference; lastKnownFileType = wrapper.framework; name = UIKit.framework; path = System/Library/Frameworks/UIKit.framework; sourceTree = SDKROOT; };
		37D1218A1AF99C7D00F34BA0 /* FishingMaster-Info.plist */ = {isa = PBXFileReference; lastKnownFileType = text.plist.xml; path = "FishingMaster-Info.plist"; sourceTree = "<group>"; };
		37D1218C1AF99C7D00F34BA0 /* en */ = {isa = PBXFileReference; lastKnownFileType = text.plist.strings; name = en; path = en.lproj/InfoPlist.strings; sourceTree = "<group>"; };
		37D1218E1AF99C7D00F34BA0 /* main.m */ = {isa = PBXFileReference; lastKnownFileType = sourcecode.c.objc; path = main.m; sourceTree = "<group>"; };
		37D121901AF99C7D00F34BA0 /* FishingMaster-Prefix.pch */ = {isa = PBXFileReference; lastKnownFileType = sourcecode.c.h; path = "FishingMaster-Prefix.pch"; sourceTree = "<group>"; };
		37D121911AF99C7D00F34BA0 /* AppDelegate.h */ = {isa = PBXFileReference; lastKnownFileType = sourcecode.c.h; path = AppDelegate.h; sourceTree = "<group>"; };
		37D121921AF99C7D00F34BA0 /* AppDelegate.m */ = {isa = PBXFileReference; lastKnownFileType = sourcecode.c.objc; path = AppDelegate.m; sourceTree = "<group>"; };
		37D121951AF99C7D00F34BA0 /* Base */ = {isa = PBXFileReference; lastKnownFileType = file.storyboard; name = Base; path = Base.lproj/Main.storyboard; sourceTree = "<group>"; };
		37D1219A1AF99C7D00F34BA0 /* Images.xcassets */ = {isa = PBXFileReference; lastKnownFileType = folder.assetcatalog; path = Images.xcassets; sourceTree = "<group>"; };
		37D121A01AF99C7D00F34BA0 /* FishingMasterTests.xctest */ = {isa = PBXFileReference; explicitFileType = wrapper.cfbundle; includeInIndex = 0; path = FishingMasterTests.xctest; sourceTree = BUILT_PRODUCTS_DIR; };
		37D121A11AF99C7D00F34BA0 /* XCTest.framework */ = {isa = PBXFileReference; lastKnownFileType = wrapper.framework; name = XCTest.framework; path = Library/Frameworks/XCTest.framework; sourceTree = DEVELOPER_DIR; };
		37D121A91AF99C7D00F34BA0 /* FishingMasterTests-Info.plist */ = {isa = PBXFileReference; lastKnownFileType = text.plist.xml; path = "FishingMasterTests-Info.plist"; sourceTree = "<group>"; };
		37D121AB1AF99C7D00F34BA0 /* en */ = {isa = PBXFileReference; lastKnownFileType = text.plist.strings; name = en; path = en.lproj/InfoPlist.strings; sourceTree = "<group>"; };
		37D121AD1AF99C7D00F34BA0 /* FishingMasterTests.m */ = {isa = PBXFileReference; lastKnownFileType = sourcecode.c.objc; path = FishingMasterTests.m; sourceTree = "<group>"; };
		37D121BA1AF99CC000F34BA0 /* GameVC.h */ = {isa = PBXFileReference; fileEncoding = 4; lastKnownFileType = sourcecode.c.h; name = GameVC.h; path = ../GameVC.h; sourceTree = "<group>"; };
		37D121BB1AF99CC000F34BA0 /* GameVC.m */ = {isa = PBXFileReference; fileEncoding = 4; lastKnownFileType = sourcecode.c.objc; name = GameVC.m; path = ../GameVC.m; sourceTree = "<group>"; };
		37D121BC1AF99CC000F34BA0 /* GameVC.xib */ = {isa = PBXFileReference; fileEncoding = 4; lastKnownFileType = file.xib; name = GameVC.xib; path = ../GameVC.xib; sourceTree = "<group>"; };
/* End PBXFileReference section */

/* Begin PBXFrameworksBuildPhase section */
		37D1217C1AF99C7D00F34BA0 /* Frameworks */ = {
			isa = PBXFrameworksBuildPhase;
			buildActionMask = 2147483647;
			files = (
				37D121851AF99C7D00F34BA0 /* CoreGraphics.framework in Frameworks */,
				37D121871AF99C7D00F34BA0 /* UIKit.framework in Frameworks */,
				37D121831AF99C7D00F34BA0 /* Foundation.framework in Frameworks */,
			);
			runOnlyForDeploymentPostprocessing = 0;
		};
		37D1219D1AF99C7D00F34BA0 /* Frameworks */ = {
			isa = PBXFrameworksBuildPhase;
			buildActionMask = 2147483647;
			files = (
				37D121A21AF99C7D00F34BA0 /* XCTest.framework in Frameworks */,
				37D121A41AF99C7D00F34BA0 /* UIKit.framework in Frameworks */,
				37D121A31AF99C7D00F34BA0 /* Foundation.framework in Frameworks */,
			);
			runOnlyForDeploymentPostprocessing = 0;
		};
/* End PBXFrameworksBuildPhase section */

/* Begin PBXGroup section */
		37D121761AF99C7C00F34BA0 = {
			isa = PBXGroup;
			children = (
				37D121881AF99C7D00F34BA0 /* FishingMaster */,
				37D121A71AF99C7D00F34BA0 /* FishingMasterTests */,
				37D121811AF99C7D00F34BA0 /* Frameworks */,
				37D121801AF99C7D00F34BA0 /* Products */,
			);
			sourceTree = "<group>";
		};
		37D121801AF99C7D00F34BA0 /* Products */ = {
			isa = PBXGroup;
			children = (
				37D1217F1AF99C7D00F34BA0 /* FishingMaster.app */,
				37D121A01AF99C7D00F34BA0 /* FishingMasterTests.xctest */,
			);
			name = Products;
			sourceTree = "<group>";
		};
		37D121811AF99C7D00F34BA0 /* Frameworks */ = {
			isa = PBXGroup;
			children = (
				37D121821AF99C7D00F34BA0 /* Foundation.framework */,
				37D121841AF99C7D00F34BA0 /* CoreGraphics.framework */,
				37D121861AF99C7D00F34BA0 /* UIKit.framework */,
				37D121A11AF99C7D00F34BA0 /* XCTest.framework */,
			);
			name = Frameworks;
			sourceTree = "<group>";
		};
		37D121881AF99C7D00F34BA0 /* FishingMaster */ = {
			isa = PBXGroup;
			children = (
				37D121911AF99C7D00F34BA0 /* AppDelegate.h */,
				37D121921AF99C7D00F34BA0 /* AppDelegate.m */,
				37D121941AF99C7D00F34BA0 /* Main.storyboard */,
				37D1219A1AF99C7D00F34BA0 /* Images.xcassets */,
				37D121BA1AF99CC000F34BA0 /* GameVC.h */,
				37D121BB1AF99CC000F34BA0 /* GameVC.m */,
				37D121BC1AF99CC000F34BA0 /* GameVC.xib */,
				37D121891AF99C7D00F34BA0 /* Supporting Files */,
			);
			path = FishingMaster;
			sourceTree = "<group>";
		};
		37D121891AF99C7D00F34BA0 /* Supporting Files */ = {
			isa = PBXGroup;
			children = (
				37D1218A1AF99C7D00F34BA0 /* FishingMaster-Info.plist */,
				37D1218B1AF99C7D00F34BA0 /* InfoPlist.strings */,
				37D1218E1AF99C7D00F34BA0 /* main.m */,
				37D121901AF99C7D00F34BA0 /* FishingMaster-Prefix.pch */,
			);
			name = "Supporting Files";
			sourceTree = "<group>";
		};
		37D121A71AF99C7D00F34BA0 /* FishingMasterTests */ = {
			isa = PBXGroup;
			children = (
				37D121AD1AF99C7D00F34BA0 /* FishingMasterTests.m */,
				37D121A81AF99C7D00F34BA0 /* Supporting Files */,
			);
			path = FishingMasterTests;
			sourceTree = "<group>";
		};
		37D121A81AF99C7D00F34BA0 /* Supporting Files */ = {
			isa = PBXGroup;
			children = (
				37D121A91AF99C7D00F34BA0 /* FishingMasterTests-Info.plist */,
				37D121AA1AF99C7D00F34BA0 /* InfoPlist.strings */,
			);
			name = "Supporting Files";
			sourceTree = "<group>";
		};
/* End PBXGroup section */

/* Begin PBXNativeTarget section */
		37D1217E1AF99C7D00F34BA0 /* FishingMaster */ = {
			isa = PBXNativeTarget;
			buildConfigurationList = 37D121B11AF99C7D00F34BA0 /* Build configuration list for PBXNativeTarget "FishingMaster" */;
			buildPhases = (
				37D1217B1AF99C7D00F34BA0 /* Sources */,
				37D1217C1AF99C7D00F34BA0 /* Frameworks */,
				37D1217D1AF99C7D00F34BA0 /* Resources */,
			);
			buildRules = (
			);
			dependencies = (
			);
			name = FishingMaster;
			productName = FishingMaster;
			productReference = 37D1217F1AF99C7D00F34BA0 /* FishingMaster.app */;
			productType = "com.apple.product-type.application";
		};
		37D1219F1AF99C7D00F34BA0 /* FishingMasterTests */ = {
			isa = PBXNativeTarget;
			buildConfigurationList = 37D121B41AF99C7D00F34BA0 /* Build configuration list for PBXNativeTarget "FishingMasterTests" */;
			buildPhases = (
				37D1219C1AF99C7D00F34BA0 /* Sources */,
				37D1219D1AF99C7D00F34BA0 /* Frameworks */,
				37D1219E1AF99C7D00F34BA0 /* Resources */,
			);
			buildRules = (
			);
			dependencies = (
				37D121A61AF99C7D00F34BA0 /* PBXTargetDependency */,
			);
			name = FishingMasterTests;
			productName = FishingMasterTests;
			productReference = 37D121A01AF99C7D00F34BA0 /* FishingMasterTests.xctest */;
			productType = "com.apple.product-type.bundle.unit-test";
		};
/* End PBXNativeTarget section */

/* Begin PBXProject section */
		37D121771AF99C7C00F34BA0 /* Project object */ = {
			isa = PBXProject;
			attributes = {
				LastUpgradeCheck = 0510;
				ORGANIZATIONNAME = unbirdlikebird;
				TargetAttributes = {
					37D1219F1AF99C7D00F34BA0 = {
						TestTargetID = 37D1217E1AF99C7D00F34BA0;
					};
				};
			};
			buildConfigurationList = 37D1217A1AF99C7C00F34BA0 /* Build configuration list for PBXProject "FishingMaster" */;
			compatibilityVersion = "Xcode 3.2";
			developmentRegion = English;
			hasScannedForEncodings = 0;
			knownRegions = (
				en,
				Base,
			);
			mainGroup = 37D121761AF99C7C00F34BA0;
			productRefGroup = 37D121801AF99C7D00F34BA0 /* Products */;
			projectDirPath = "";
			projectRoot = "";
			targets = (
				37D1217E1AF99C7D00F34BA0 /* FishingMaster */,
				37D1219F1AF99C7D00F34BA0 /* FishingMasterTests */,
			);
		};
/* End PBXProject section */

/* Begin PBXResourcesBuildPhase section */
		37D1217D1AF99C7D00F34BA0 /* Resources */ = {
			isa = PBXResourcesBuildPhase;
			buildActionMask = 2147483647;
			files = (
				37D1219B1AF99C7D00F34BA0 /* Images.xcassets in Resources */,
				37D1218D1AF99C7D00F34BA0 /* InfoPlist.strings in Resources */,
				37D121BE1AF99CC000F34BA0 /* GameVC.xib in Resources */,
				37D121961AF99C7D00F34BA0 /* Main.storyboard in Resources */,
			);
			runOnlyForDeploymentPostprocessing = 0;
		};
		37D1219E1AF99C7D00F34BA0 /* Resources */ = {
			isa = PBXResourcesBuildPhase;
			buildActionMask = 2147483647;
			files = (
				37D121AC1AF99C7D00F34BA0 /* InfoPlist.strings in Resources */,
			);
			runOnlyForDeploymentPostprocessing = 0;
		};
/* End PBXResourcesBuildPhase section */

/* Begin PBXSourcesBuildPhase section */
		37D1217B1AF99C7D00F34BA0 /* Sources */ = {
			isa = PBXSourcesBuildPhase;
			buildActionMask = 2147483647;
			files = (
				37D121BD1AF99CC000F34BA0 /* GameVC.m in Sources */,
				37D121931AF99C7D00F34BA0 /* AppDelegate.m in Sources */,
				37D1218F1AF99C7D00F34BA0 /* main.m in Sources */,
			);
			runOnlyForDeploymentPostprocessing = 0;
		};
		37D1219C1AF99C7D00F34BA0 /* Sources */ = {
			isa = PBXSourcesBuildPhase;
			buildActionMask = 2147483647;
			files = (
				37D121AE1AF99C7D00F34BA0 /* FishingMasterTests.m in Sources */,
			);
			runOnlyForDeploymentPostprocessing = 0;
		};
/* End PBXSourcesBuildPhase section */

/* Begin PBXTargetDependency section */
		37D121A61AF99C7D00F34BA0 /* PBXTargetDependency */ = {
			isa = PBXTargetDependency;
			target = 37D1217E1AF99C7D00F34BA0 /* FishingMaster */;
			targetProxy = 37D121A51AF99C7D00F34BA0 /* PBXContainerItemProxy */;
		};
/* End PBXTargetDependency section */

/* Begin PBXVariantGroup section */
		37D1218B1AF99C7D00F34BA0 /* InfoPlist.strings */ = {
			isa = PBXVariantGroup;
			children = (
				37D1218C1AF99C7D00F34BA0 /* en */,
			);
			name = InfoPlist.strings;
			sourceTree = "<group>";
		};
		37D121941AF99C7D00F34BA0 /* Main.storyboard */ = {
			isa = PBXVariantGroup;
			children = (
				37D121951AF99C7D00F34BA0 /* Base */,
			);
			name = Main.storyboard;
			sourceTree = "<group>";
		};
		37D121AA1AF99C7D00F34BA0 /* InfoPlist.strings */ = {
			isa = PBXVariantGroup;
			children = (
				37D121AB1AF99C7D00F34BA0 /* en */,
			);
			name = InfoPlist.strings;
			sourceTree = "<group>";
		};
/* End PBXVariantGroup section */

/* Begin XCBuildConfiguration section */
		37D121AF1AF99C7D00F34BA0 /* Debug */ = {
			isa = XCBuildConfiguration;
			buildSettings = {
				ALWAYS_SEARCH_USER_PATHS = NO;
				CLANG_CXX_LANGUAGE_STANDARD = "gnu++0x";
				CLANG_CXX_LIBRARY = "libc++";
				CLANG_ENABLE_MODULES = YES;
				CLANG_ENABLE_OBJC_ARC = YES;
				CLANG_WARN_BOOL_CONVERSION = YES;
				CLANG_WARN_CONSTANT_CONVERSION = YES;
				CLANG_WARN_DIRECT_OBJC_ISA_USAGE = YES_ERROR;
				CLANG_WARN_EMPTY_BODY = YES;
				CLANG_WARN_ENUM_CONVERSION = YES;
				CLANG_WARN_INT_CONVERSION = YES;
				CLANG_WARN_OBJC_ROOT_CLASS = YES_ERROR;
				CLANG_WARN__DUPLICATE_METHOD_MATCH = YES;
				"CODE_SIGN_IDENTITY[sdk=iphoneos*]" = "iPhone Developer";
				COPY_PHASE_STRIP = NO;
				GCC_C_LANGUAGE_STANDARD = gnu99;
				GCC_DYNAMIC_NO_PIC = NO;
				GCC_OPTIMIZATION_LEVEL = 0;
				GCC_PREPROCESSOR_DEFINITIONS = (
					"DEBUG=1",
					"$(inherited)",
				);
				GCC_SYMBOLS_PRIVATE_EXTERN = NO;
				GCC_WARN_64_TO_32_BIT_CONVERSION = YES;
				GCC_WARN_ABOUT_RETURN_TYPE = YES_ERROR;
				GCC_WARN_UNDECLARED_SELECTOR = YES;
				GCC_WARN_UNINITIALIZED_AUTOS = YES_AGGRESSIVE;
				GCC_WARN_UNUSED_FUNCTION = YES;
				GCC_WARN_UNUSED_VARIABLE = YES;
				IPHONEOS_DEPLOYMENT_TARGET = 7.1;
				ONLY_ACTIVE_ARCH = YES;
				SDKROOT = iphoneos;
			};
			name = Debug;
		};
		37D121B01AF99C7D00F34BA0 /* Release */ = {
			isa = XCBuildConfiguration;
			buildSettings = {
				ALWAYS_SEARCH_USER_PATHS = NO;
				CLANG_CXX_LANGUAGE_STANDARD = "gnu++0x";
				CLANG_CXX_LIBRARY = "libc++";
				CLANG_ENABLE_MODULES = YES;
				CLANG_ENABLE_OBJC_ARC = YES;
				CLANG_WARN_BOOL_CONVERSION = YES;
				CLANG_WARN_CONSTANT_CONVERSION = YES;
				CLANG_WARN_DIRECT_OBJC_ISA_USAGE = YES_ERROR;
				CLANG_WARN_EMPTY_BODY = YES;
				CLANG_WARN_ENUM_CONVERSION = YES;
				CLANG_WARN_INT_CONVERSION = YES;
				CLANG_WARN_OBJC_ROOT_CLASS = YES_ERROR;
				CLANG_WARN__DUPLICATE_METHOD_MATCH = YES;
				"CODE_SIGN_IDENTITY[sdk=iphoneos*]" = "iPhone Developer";
				COPY_PHASE_STRIP = YES;
				ENABLE_NS_ASSERTIONS = NO;
				GCC_C_LANGUAGE_STANDARD = gnu99;
				GCC_WARN_64_TO_32_BIT_CONVERSION = YES;
				GCC_WARN_ABOUT_RETURN_TYPE = YES_ERROR;
				GCC_WARN_UNDECLARED_SELECTOR = YES;
				GCC_WARN_UNINITIALIZED_AUTOS = YES_AGGRESSIVE;
				GCC_WARN_UNUSED_FUNCTION = YES;
				GCC_WARN_UNUSED_VARIABLE = YES;
				IPHONEOS_DEPLOYMENT_TARGET = 7.1;
				SDKROOT = iphoneos;
				VALIDATE_PRODUCT = YES;
			};
			name = Release;
		};
		37D121B21AF99C7D00F34BA0 /* Debug */ = {
			isa = XCBuildConfiguration;
			buildSettings = {
				ASSETCATALOG_COMPILER_APPICON_NAME = AppIcon;
				ASSETCATALOG_COMPILER_LAUNCHIMAGE_NAME = LaunchImage;
				GCC_PRECOMPILE_PREFIX_HEADER = YES;
				GCC_PREFIX_HEADER = "FishingMaster/FishingMaster-Prefix.pch";
				INFOPLIST_FILE = "FishingMaster/FishingMaster-Info.plist";
				PRODUCT_NAME = "$(TARGET_NAME)";
				WRAPPER_EXTENSION = app;
			};
			name = Debug;
		};
		37D121B31AF99C7D00F34BA0 /* Release */ = {
			isa = XCBuildConfiguration;
			buildSettings = {
				ASSETCATALOG_COMPILER_APPICON_NAME = AppIcon;
				ASSETCATALOG_COMPILER_LAUNCHIMAGE_NAME = LaunchImage;
				GCC_PRECOMPILE_PREFIX_HEADER = YES;
				GCC_PREFIX_HEADER = "FishingMaster/FishingMaster-Prefix.pch";
				INFOPLIST_FILE = "FishingMaster/FishingMaster-Info.plist";
				PRODUCT_NAME = "$(TARGET_NAME)";
				WRAPPER_EXTENSION = app;
			};
			name = Release;
		};
		37D121B51AF99C7D00F34BA0 /* Debug */ = {
			isa = XCBuildConfiguration;
			buildSettings = {
				BUNDLE_LOADER = "$(BUILT_PRODUCTS_DIR)/FishingMaster.app/FishingMaster";
				FRAMEWORK_SEARCH_PATHS = (
					"$(SDKROOT)/Developer/Library/Frameworks",
					"$(inherited)",
					"$(DEVELOPER_FRAMEWORKS_DIR)",
				);
				GCC_PRECOMPILE_PREFIX_HEADER = YES;
				GCC_PREFIX_HEADER = "FishingMaster/FishingMaster-Prefix.pch";
				GCC_PREPROCESSOR_DEFINITIONS = (
					"DEBUG=1",
					"$(inherited)",
				);
				INFOPLIST_FILE = "FishingMasterTests/FishingMasterTests-Info.plist";
				PRODUCT_NAME = "$(TARGET_NAME)";
				TEST_HOST = "$(BUNDLE_LOADER)";
				WRAPPER_EXTENSION = xctest;
			};
			name = Debug;
		};
		37D121B61AF99C7D00F34BA0 /* Release */ = {
			isa = XCBuildConfiguration;
			buildSettings = {
				BUNDLE_LOADER = "$(BUILT_PRODUCTS_DIR)/FishingMaster.app/FishingMaster";
				FRAMEWORK_SEARCH_PATHS = (
					"$(SDKROOT)/Developer/Library/Frameworks",
					"$(inherited)",
					"$(DEVELOPER_FRAMEWORKS_DIR)",
				);
				GCC_PRECOMPILE_PREFIX_HEADER = YES;
				GCC_PREFIX_HEADER = "FishingMaster/FishingMaster-Prefix.pch";
				INFOPLIST_FILE = "FishingMasterTests/FishingMasterTests-Info.plist";
				PRODUCT_NAME = "$(TARGET_NAME)";
				TEST_HOST = "$(BUNDLE_LOADER)";
				WRAPPER_EXTENSION = xctest;
			};
			name = Release;
		};
/* End XCBuildConfiguration section */

/* Begin XCConfigurationList section */
		37D1217A1AF99C7C00F34BA0 /* Build configuration list for PBXProject "FishingMaster" */ = {
			isa = XCConfigurationList;
			buildConfigurations = (
				37D121AF1AF99C7D00F34BA0 /* Debug */,
				37D121B01AF99C7D00F34BA0 /* Release */,
			);
			defaultConfigurationIsVisible = 0;
			defaultConfigurationName = Release;
		};
		37D121B11AF99C7D00F34BA0 /* Build configuration list for PBXNativeTarget "FishingMaster" */ = {
			isa = XCConfigurationList;
			buildConfigurations = (
				37D121B21AF99C7D00F34BA0 /* Debug */,
				37D121B31AF99C7D00F34BA0 /* Release */,
			);
			defaultConfigurationIsVisible = 0;
		};
		37D121B41AF99C7D00F34BA0 /* Build configuration list for PBXNativeTarget "FishingMasterTests" */ = {
			isa = XCConfigurationList;
			buildConfigurations = (
				37D121B51AF99C7D00F34BA0 /* Debug */,
				37D121B61AF99C7D00F34BA0 /* Release */,
			);
			defaultConfigurationIsVisible = 0;
		};
/* End XCConfigurationList section */
	};
	rootObject = 37D121771AF99C7C00F34BA0 /* Project object */;
}
